
Microsoft Visual Studio Solution File, Format Version 12.00
# Visual Studio Version 17
VisualStudioVersion = 17.10.35122.118
MinimumVisualStudioVersion = 10.0.40219.1
Project("{8BC9CEB8-8B4A-11D0-8D11-00A0C91BC942}") = "CalculadoraIPV4Cpp", "CalculadoraIPV4Cpp.vcxproj", "{E6A074B6-7C50-41F0-B067-56E44D1FB780}"
EndProject
Global
	GlobalSection(SolutionConfigurationPlatforms) = preSolution
		Debug|x64 = Debug|x64
		Debug|x86 = Debug|x86
		Release|x64 = Release|x64
		Release|x86 = Release|x86
	EndGlobalSection
	GlobalSection(ProjectConfigurationPlatforms) = postSolution
		{E6A074B6-7C50-41F0-B067-56E44D1FB780}.Debug|x64.ActiveCfg = Debug|x64
		{E6A074B6-7C50-41F0-B067-56E44D1FB780}.Debug|x64.Build.0 = Debug|x64
		{E6A074B6-7C50-41F0-B067-56E44D1FB780}.Debug|x86.ActiveCfg = Debug|Win32
		{E6A074B6-7C50-41F0-B067-56E44D1FB780}.Debug|x86.Build.0 = Debug|Win32
		{E6A074B6-7C50-41F0-B067-56E44D1FB780}.Release|x64.ActiveCfg = Release|x64
		{E6A074B6-7C50-41F0-B067-56E44D1FB780}.Release|x64.Build.0 = Release|x64
		{E6A074B6-7C50-41F0-B067-56E44D1FB780}.Release|x86.ActiveCfg = Release|Win32
		{E6A074B6-7C50-41F0-B067-56E44D1FB780}.Release|x86.Build.0 = Release|Win32
	EndGlobalSection
	GlobalSection(SolutionProperties) = preSolution
		HideSolutionNode = FALSE
	EndGlobalSection
	GlobalSection(ExtensibilityGlobals) = postSolution
		SolutionGuid = {ECB8020F-EEF0-4992-A02B-EF0F594708D5}
	EndGlobalSection
EndGlobal
